
Microsoft Visual Studio Solution File, Format Version 12.00
# Visual Studio 15
Project("{FAE04EC0-301F-11D3-BF4B-00C04F79EFBC}") = "Mirror", "Mirror.csproj", "{7CB51D28-4EA5-3909-E0E5-499C2FE1924C}"
EndProject
Project("{FAE04EC0-301F-11D3-BF4B-00C04F79EFBC}") = "Mirror.Components", "Mirror.Components.csproj", "{B6E9BAD0-9E93-6C71-4465-57AA9124EAA4}"
EndProject
Project("{FAE04EC0-301F-11D3-BF4B-00C04F79EFBC}") = "SimpleWebTransport", "SimpleWebTransport.csproj", "{505E26E3-ED93-4017-9434-0312AF50EB16}"
EndProject
Project("{FAE04EC0-301F-11D3-BF4B-00C04F79EFBC}") = "Mirror.Examples", "Mirror.Examples.csproj", "{B12C7022-D956-7284-EB2B-F392EAF7EE1C}"
EndProject
Project("{FAE04EC0-301F-11D3-BF4B-00C04F79EFBC}") = "Assembly-CSharp", "Assembly-CSharp.csproj", "{98D35734-40D6-234E-6AC4-D06F5B8C94CD}"
EndProject
Project("{FAE04EC0-301F-11D3-BF4B-00C04F79EFBC}") = "kcp2k", "kcp2k.csproj", "{79A01739-E759-2AEC-5DBE-FF4729262805}"
EndProject
Project("{FAE04EC0-301F-11D3-BF4B-00C04F79EFBC}") = "Telepathy", "Telepathy.csproj", "{3487570C-FA8A-6B84-CD13-D044F98EF3BC}"
EndProject
Project("{FAE04EC0-301F-11D3-BF4B-00C04F79EFBC}") = "Mirror.Authenticators", "Mirror.Authenticators.csproj", "{93FF343E-C9F2-3861-5C4A-CB97B5DA38A8}"
EndProject
Project("{FAE04EC0-301F-11D3-BF4B-00C04F79EFBC}") = "where-allocations", "where-allocations.csproj", "{F95A47B5-913A-53A3-501D-7C7A8E53E618}"
EndProject
Project("{FAE04EC0-301F-11D3-BF4B-00C04F79EFBC}") = "Mirror.Editor", "Mirror.Editor.csproj", "{0CDB17B9-4EBA-6440-7DCF-04519B0401BB}"
EndProject
Project("{FAE04EC0-301F-11D3-BF4B-00C04F79EFBC}") = "Mirror.CompilerSymbols", "Mirror.CompilerSymbols.csproj", "{9EF6AC14-2E36-997B-FB21-746A749CBD11}"
EndProject
Global
	GlobalSection(SolutionConfigurationPlatforms) = preSolution
		Debug|Any CPU = Debug|Any CPU
		Release|Any CPU = Release|Any CPU
	EndGlobalSection
	GlobalSection(ProjectConfigurationPlatforms) = postSolution
		{7CB51D28-4EA5-3909-E0E5-499C2FE1924C}.Debug|Any CPU.ActiveCfg = Debug|Any CPU
		{7CB51D28-4EA5-3909-E0E5-499C2FE1924C}.Debug|Any CPU.Build.0 = Debug|Any CPU
		{7CB51D28-4EA5-3909-E0E5-499C2FE1924C}.Release|Any CPU.ActiveCfg = Release|Any CPU
		{7CB51D28-4EA5-3909-E0E5-499C2FE1924C}.Release|Any CPU.Build.0 = Release|Any CPU
		{B6E9BAD0-9E93-6C71-4465-57AA9124EAA4}.Debug|Any CPU.ActiveCfg = Debug|Any CPU
		{B6E9BAD0-9E93-6C71-4465-57AA9124EAA4}.Debug|Any CPU.Build.0 = Debug|Any CPU
		{B6E9BAD0-9E93-6C71-4465-57AA9124EAA4}.Release|Any CPU.ActiveCfg = Release|Any CPU
		{B6E9BAD0-9E93-6C71-4465-57AA9124EAA4}.Release|Any CPU.Build.0 = Release|Any CPU
		{505E26E3-ED93-4017-9434-0312AF50EB16}.Debug|Any CPU.ActiveCfg = Debug|Any CPU
		{505E26E3-ED93-4017-9434-0312AF50EB16}.Debug|Any CPU.Build.0 = Debug|Any CPU
		{505E26E3-ED93-4017-9434-0312AF50EB16}.Release|Any CPU.ActiveCfg = Release|Any CPU
		{505E26E3-ED93-4017-9434-0312AF50EB16}.Release|Any CPU.Build.0 = Release|Any CPU
		{B12C7022-D956-7284-EB2B-F392EAF7EE1C}.Debug|Any CPU.ActiveCfg = Debug|Any CPU
		{B12C7022-D956-7284-EB2B-F392EAF7EE1C}.Debug|Any CPU.Build.0 = Debug|Any CPU
		{B12C7022-D956-7284-EB2B-F392EAF7EE1C}.Release|Any CPU.ActiveCfg = Release|Any CPU
		{B12C7022-D956-7284-EB2B-F392EAF7EE1C}.Release|Any CPU.Build.0 = Release|Any CPU
		{98D35734-40D6-234E-6AC4-D06F5B8C94CD}.Debug|Any CPU.ActiveCfg = Debug|Any CPU
		{98D35734-40D6-234E-6AC4-D06F5B8C94CD}.Debug|Any CPU.Build.0 = Debug|Any CPU
		{98D35734-40D6-234E-6AC4-D06F5B8C94CD}.Release|Any CPU.ActiveCfg = Release|Any CPU
		{98D35734-40D6-234E-6AC4-D06F5B8C94CD}.Release|Any CPU.Build.0 = Release|Any CPU
		{79A01739-E759-2AEC-5DBE-FF4729262805}.Debug|Any CPU.ActiveCfg = Debug|Any CPU
		{79A01739-E759-2AEC-5DBE-FF4729262805}.Debug|Any CPU.Build.0 = Debug|Any CPU
		{79A01739-E759-2AEC-5DBE-FF4729262805}.Release|Any CPU.ActiveCfg = Release|Any CPU
		{79A01739-E759-2AEC-5DBE-FF4729262805}.Release|Any CPU.Build.0 = Release|Any CPU
		{3487570C-FA8A-6B84-CD13-D044F98EF3BC}.Debug|Any CPU.ActiveCfg = Debug|Any CPU
		{3487570C-FA8A-6B84-CD13-D044F98EF3BC}.Debug|Any CPU.Build.0 = Debug|Any CPU
		{3487570C-FA8A-6B84-CD13-D044F98EF3BC}.Release|Any CPU.ActiveCfg = Release|Any CPU
		{3487570C-FA8A-6B84-CD13-D044F98EF3BC}.Release|Any CPU.Build.0 = Release|Any CPU
		{93FF343E-C9F2-3861-5C4A-CB97B5DA38A8}.Debug|Any CPU.ActiveCfg = Debug|Any CPU
		{93FF343E-C9F2-3861-5C4A-CB97B5DA38A8}.Debug|Any CPU.Build.0 = Debug|Any CPU
		{93FF343E-C9F2-3861-5C4A-CB97B5DA38A8}.Release|Any CPU.ActiveCfg = Release|Any CPU
		{93FF343E-C9F2-3861-5C4A-CB97B5DA38A8}.Release|Any CPU.Build.0 = Release|Any CPU
		{F95A47B5-913A-53A3-501D-7C7A8E53E618}.Debug|Any CPU.ActiveCfg = Debug|Any CPU
		{F95A47B5-913A-53A3-501D-7C7A8E53E618}.Debug|Any CPU.Build.0 = Debug|Any CPU
		{F95A47B5-913A-53A3-501D-7C7A8E53E618}.Release|Any CPU.ActiveCfg = Release|Any CPU
		{F95A47B5-913A-53A3-501D-7C7A8E53E618}.Release|Any CPU.Build.0 = Release|Any CPU
		{0CDB17B9-4EBA-6440-7DCF-04519B0401BB}.Debug|Any CPU.ActiveCfg = Debug|Any CPU
		{0CDB17B9-4EBA-6440-7DCF-04519B0401BB}.Debug|Any CPU.Build.0 = Debug|Any CPU
		{0CDB17B9-4EBA-6440-7DCF-04519B0401BB}.Release|Any CPU.ActiveCfg = Release|Any CPU
		{0CDB17B9-4EBA-6440-7DCF-04519B0401BB}.Release|Any CPU.Build.0 = Release|Any CPU
		{9EF6AC14-2E36-997B-FB21-746A749CBD11}.Debug|Any CPU.ActiveCfg = Debug|Any CPU
		{9EF6AC14-2E36-997B-FB21-746A749CBD11}.Debug|Any CPU.Build.0 = Debug|Any CPU
		{9EF6AC14-2E36-997B-FB21-746A749CBD11}.Release|Any CPU.ActiveCfg = Release|Any CPU
		{9EF6AC14-2E36-997B-FB21-746A749CBD11}.Release|Any CPU.Build.0 = Release|Any CPU
	EndGlobalSection
	GlobalSection(SolutionProperties) = preSolution
		HideSolutionNode = FALSE
	EndGlobalSection
EndGlobal
